// !$*UTF8*$!
{
	archiveVersion = 1;
	classes = {
	};
	objectVersion = 56;
	objects = {

/* Begin PBXBuildFile section */
		1937E40F2A605542007F8520 /* DesignButton.docc in Sources */ = {isa = PBXBuildFile; fileRef = 1937E40E2A605542007F8520 /* DesignButton.docc */; };
		1937E4152A605542007F8520 /* DesignButton.framework in Frameworks */ = {isa = PBXBuildFile; fileRef = 1937E40A2A605541007F8520 /* DesignButton.framework */; };
		1937E41A2A605542007F8520 /* DesignButtonTests.swift in Sources */ = {isa = PBXBuildFile; fileRef = 1937E4192A605542007F8520 /* DesignButtonTests.swift */; };
		1937E41B2A605542007F8520 /* DesignButton.h in Headers */ = {isa = PBXBuildFile; fileRef = 1937E40D2A605542007F8520 /* DesignButton.h */; settings = {ATTRIBUTES = (Public, ); }; };
		1937E4252A605550007F8520 /* DesignButton.swift in Sources */ = {isa = PBXBuildFile; fileRef = 1937E4242A605550007F8520 /* DesignButton.swift */; };
		1937E42D2A6055A4007F8520 /* AppDelegate.swift in Sources */ = {isa = PBXBuildFile; fileRef = 1937E42C2A6055A4007F8520 /* AppDelegate.swift */; };
		1937E42F2A6055A4007F8520 /* SceneDelegate.swift in Sources */ = {isa = PBXBuildFile; fileRef = 1937E42E2A6055A4007F8520 /* SceneDelegate.swift */; };
		1937E4312A6055A4007F8520 /* ViewController.swift in Sources */ = {isa = PBXBuildFile; fileRef = 1937E4302A6055A4007F8520 /* ViewController.swift */; };
		1937E4342A6055A4007F8520 /* Main.storyboard in Resources */ = {isa = PBXBuildFile; fileRef = 1937E4322A6055A4007F8520 /* Main.storyboard */; };
		1937E4362A6055A5007F8520 /* Assets.xcassets in Resources */ = {isa = PBXBuildFile; fileRef = 1937E4352A6055A5007F8520 /* Assets.xcassets */; };
		1937E4392A6055A5007F8520 /* LaunchScreen.storyboard in Resources */ = {isa = PBXBuildFile; fileRef = 1937E4372A6055A5007F8520 /* LaunchScreen.storyboard */; };
/* End PBXBuildFile section */

/* Begin PBXContainerItemProxy section */
		1937E4162A605542007F8520 /* PBXContainerItemProxy */ = {
			isa = PBXContainerItemProxy;
			containerPortal = 1937E4012A605541007F8520 /* Project object */;
			proxyType = 1;
			remoteGlobalIDString = 1937E4092A605541007F8520;
			remoteInfo = DesignButton;
		};
/* End PBXContainerItemProxy section */

/* Begin PBXFileReference section */
		1937E40A2A605541007F8520 /* DesignButton.framework */ = {isa = PBXFileReference; explicitFileType = wrapper.framework; includeInIndex = 0; path = DesignButton.framework; sourceTree = BUILT_PRODUCTS_DIR; };
		1937E40D2A605542007F8520 /* DesignButton.h */ = {isa = PBXFileReference; lastKnownFileType = sourcecode.c.h; path = DesignButton.h; sourceTree = "<group>"; };
		1937E40E2A605542007F8520 /* DesignButton.docc */ = {isa = PBXFileReference; lastKnownFileType = folder.documentationcatalog; path = DesignButton.docc; sourceTree = "<group>"; };
		1937E4142A605542007F8520 /* DesignButtonTests.xctest */ = {isa = PBXFileReference; explicitFileType = wrapper.cfbundle; includeInIndex = 0; path = DesignButtonTests.xctest; sourceTree = BUILT_PRODUCTS_DIR; };
		1937E4192A605542007F8520 /* DesignButtonTests.swift */ = {isa = PBXFileReference; lastKnownFileType = sourcecode.swift; path = DesignButtonTests.swift; sourceTree = "<group>"; };
		1937E4242A605550007F8520 /* DesignButton.swift */ = {isa = PBXFileReference; lastKnownFileType = sourcecode.swift; path = DesignButton.swift; sourceTree = "<group>"; };
		1937E42A2A6055A4007F8520 /* DesignButtonExamples.app */ = {isa = PBXFileReference; explicitFileType = wrapper.application; includeInIndex = 0; path = DesignButtonExamples.app; sourceTree = BUILT_PRODUCTS_DIR; };
		1937E42C2A6055A4007F8520 /* AppDelegate.swift */ = {isa = PBXFileReference; lastKnownFileType = sourcecode.swift; path = AppDelegate.swift; sourceTree = "<group>"; };
		1937E42E2A6055A4007F8520 /* SceneDelegate.swift */ = {isa = PBXFileReference; lastKnownFileType = sourcecode.swift; path = SceneDelegate.swift; sourceTree = "<group>"; };
		1937E4302A6055A4007F8520 /* ViewController.swift */ = {isa = PBXFileReference; lastKnownFileType = sourcecode.swift; path = ViewController.swift; sourceTree = "<group>"; };
		1937E4332A6055A4007F8520 /* Base */ = {isa = PBXFileReference; lastKnownFileType = file.storyboard; name = Base; path = Base.lproj/Main.storyboard; sourceTree = "<group>"; };
		1937E4352A6055A5007F8520 /* Assets.xcassets */ = {isa = PBXFileReference; lastKnownFileType = folder.assetcatalog; path = Assets.xcassets; sourceTree = "<group>"; };
		1937E4382A6055A5007F8520 /* Base */ = {isa = PBXFileReference; lastKnownFileType = file.storyboard; name = Base; path = Base.lproj/LaunchScreen.storyboard; sourceTree = "<group>"; };
		1937E43A2A6055A5007F8520 /* Info.plist */ = {isa = PBXFileReference; lastKnownFileType = text.plist.xml; path = Info.plist; sourceTree = "<group>"; };
/* End PBXFileReference section */

/* Begin PBXFrameworksBuildPhase section */
		1937E4072A605541007F8520 /* Frameworks */ = {
			isa = PBXFrameworksBuildPhase;
			buildActionMask = 2147483647;
			files = (
			);
			runOnlyForDeploymentPostprocessing = 0;
		};
		1937E4112A605542007F8520 /* Frameworks */ = {
			isa = PBXFrameworksBuildPhase;
			buildActionMask = 2147483647;
			files = (
				1937E4152A605542007F8520 /* DesignButton.framework in Frameworks */,
			);
			runOnlyForDeploymentPostprocessing = 0;
		};
		1937E4272A6055A4007F8520 /* Frameworks */ = {
			isa = PBXFrameworksBuildPhase;
			buildActionMask = 2147483647;
			files = (
			);
			runOnlyForDeploymentPostprocessing = 0;
		};
/* End PBXFrameworksBuildPhase section */

/* Begin PBXGroup section */
		1937E4002A605541007F8520 = {
			isa = PBXGroup;
			children = (
				1937E40C2A605541007F8520 /* DesignButton */,
				1937E4182A605542007F8520 /* DesignButtonTests */,
				1937E42B2A6055A4007F8520 /* DesignButtonExamples */,
				1937E40B2A605541007F8520 /* Products */,
			);
			sourceTree = "<group>";
		};
		1937E40B2A605541007F8520 /* Products */ = {
			isa = PBXGroup;
			children = (
				1937E40A2A605541007F8520 /* DesignButton.framework */,
				1937E4142A605542007F8520 /* DesignButtonTests.xctest */,
				1937E42A2A6055A4007F8520 /* DesignButtonExamples.app */,
			);
			name = Products;
			sourceTree = "<group>";
		};
		1937E40C2A605541007F8520 /* DesignButton */ = {
			isa = PBXGroup;
			children = (
				1937E40D2A605542007F8520 /* DesignButton.h */,
				1937E40E2A605542007F8520 /* DesignButton.docc */,
				1937E4242A605550007F8520 /* DesignButton.swift */,
			);
			path = DesignButton;
			sourceTree = "<group>";
		};
		1937E4182A605542007F8520 /* DesignButtonTests */ = {
			isa = PBXGroup;
			children = (
				1937E4192A605542007F8520 /* DesignButtonTests.swift */,
			);
			path = DesignButtonTests;
			sourceTree = "<group>";
		};
		1937E42B2A6055A4007F8520 /* DesignButtonExamples */ = {
			isa = PBXGroup;
			children = (
				1937E42C2A6055A4007F8520 /* AppDelegate.swift */,
				1937E42E2A6055A4007F8520 /* SceneDelegate.swift */,
				1937E4302A6055A4007F8520 /* ViewController.swift */,
				1937E4322A6055A4007F8520 /* Main.storyboard */,
				1937E4352A6055A5007F8520 /* Assets.xcassets */,
				1937E4372A6055A5007F8520 /* LaunchScreen.storyboard */,
				1937E43A2A6055A5007F8520 /* Info.plist */,
			);
			path = DesignButtonExamples;
			sourceTree = "<group>";
		};
/* End PBXGroup section */

/* Begin PBXHeadersBuildPhase section */
		1937E4052A605541007F8520 /* Headers */ = {
			isa = PBXHeadersBuildPhase;
			buildActionMask = 2147483647;
			files = (
				1937E41B2A605542007F8520 /* DesignButton.h in Headers */,
			);
			runOnlyForDeploymentPostprocessing = 0;
		};
/* End PBXHeadersBuildPhase section */

/* Begin PBXNativeTarget section */
		1937E4092A605541007F8520 /* DesignButton */ = {
			isa = PBXNativeTarget;
			buildConfigurationList = 1937E41E2A605542007F8520 /* Build configuration list for PBXNativeTarget "DesignButton" */;
			buildPhases = (
				1937E4052A605541007F8520 /* Headers */,
				1937E4062A605541007F8520 /* Sources */,
				1937E4072A605541007F8520 /* Frameworks */,
				1937E4082A605541007F8520 /* Resources */,
			);
			buildRules = (
			);
			dependencies = (
			);
			name = DesignButton;
			productName = DesignButton;
			productReference = 1937E40A2A605541007F8520 /* DesignButton.framework */;
			productType = "com.apple.product-type.framework";
		};
		1937E4132A605542007F8520 /* DesignButtonTests */ = {
			isa = PBXNativeTarget;
			buildConfigurationList = 1937E4212A605542007F8520 /* Build configuration list for PBXNativeTarget "DesignButtonTests" */;
			buildPhases = (
				1937E4102A605542007F8520 /* Sources */,
				1937E4112A605542007F8520 /* Frameworks */,
				1937E4122A605542007F8520 /* Resources */,
			);
			buildRules = (
			);
			dependencies = (
				1937E4172A605542007F8520 /* PBXTargetDependency */,
			);
			name = DesignButtonTests;
			productName = DesignButtonTests;
			productReference = 1937E4142A605542007F8520 /* DesignButtonTests.xctest */;
			productType = "com.apple.product-type.bundle.unit-test";
		};
		1937E4292A6055A4007F8520 /* DesignButtonExamples */ = {
			isa = PBXNativeTarget;
			buildConfigurationList = 1937E43B2A6055A5007F8520 /* Build configuration list for PBXNativeTarget "DesignButtonExamples" */;
			buildPhases = (
				1937E4262A6055A4007F8520 /* Sources */,
				1937E4272A6055A4007F8520 /* Frameworks */,
				1937E4282A6055A4007F8520 /* Resources */,
			);
			buildRules = (
			);
			dependencies = (
			);
			name = DesignButtonExamples;
			productName = DesignButtonExamples;
			productReference = 1937E42A2A6055A4007F8520 /* DesignButtonExamples.app */;
			productType = "com.apple.product-type.application";
		};
/* End PBXNativeTarget section */

/* Begin PBXProject section */
		1937E4012A605541007F8520 /* Project object */ = {
			isa = PBXProject;
			attributes = {
				BuildIndependentTargetsInParallel = 1;
				LastSwiftUpdateCheck = 1430;
				LastUpgradeCheck = 1430;
				TargetAttributes = {
					1937E4092A605541007F8520 = {
						CreatedOnToolsVersion = 14.3.1;
					};
					1937E4132A605542007F8520 = {
						CreatedOnToolsVersion = 14.3.1;
					};
					1937E4292A6055A4007F8520 = {
						CreatedOnToolsVersion = 14.3.1;
					};
				};
			};
			buildConfigurationList = 1937E4042A605541007F8520 /* Build configuration list for PBXProject "DesignButton" */;
			compatibilityVersion = "Xcode 14.0";
			developmentRegion = en;
			hasScannedForEncodings = 0;
			knownRegions = (
				en,
				Base,
			);
			mainGroup = 1937E4002A605541007F8520;
			productRefGroup = 1937E40B2A605541007F8520 /* Products */;
			projectDirPath = "";
			projectRoot = "";
			targets = (
				1937E4092A605541007F8520 /* DesignButton */,
				1937E4132A605542007F8520 /* DesignButtonTests */,
				1937E4292A6055A4007F8520 /* DesignButtonExamples */,
			);
		};
/* End PBXProject section */

/* Begin PBXResourcesBuildPhase section */
		1937E4082A605541007F8520 /* Resources */ = {
			isa = PBXResourcesBuildPhase;
			buildActionMask = 2147483647;
			files = (
			);
			runOnlyForDeploymentPostprocessing = 0;
		};
		1937E4122A605542007F8520 /* Resources */ = {
			isa = PBXResourcesBuildPhase;
			buildActionMask = 2147483647;
			files = (
			);
			runOnlyForDeploymentPostprocessing = 0;
		};
		1937E4282A6055A4007F8520 /* Resources */ = {
			isa = PBXResourcesBuildPhase;
			buildActionMask = 2147483647;
			files = (
				1937E4392A6055A5007F8520 /* LaunchScreen.storyboard in Resources */,
				1937E4362A6055A5007F8520 /* Assets.xcassets in Resources */,
				1937E4342A6055A4007F8520 /* Main.storyboard in Resources */,
			);
			runOnlyForDeploymentPostprocessing = 0;
		};
/* End PBXResourcesBuildPhase section */

/* Begin PBXSourcesBuildPhase section */
		1937E4062A605541007F8520 /* Sources */ = {
			isa = PBXSourcesBuildPhase;
			buildActionMask = 2147483647;
			files = (
				1937E40F2A605542007F8520 /* DesignButton.docc in Sources */,
				1937E4252A605550007F8520 /* DesignButton.swift in Sources */,
			);
			runOnlyForDeploymentPostprocessing = 0;
		};
		1937E4102A605542007F8520 /* Sources */ = {
			isa = PBXSourcesBuildPhase;
			buildActionMask = 2147483647;
			files = (
				1937E41A2A605542007F8520 /* DesignButtonTests.swift in Sources */,
			);
			runOnlyForDeploymentPostprocessing = 0;
		};
		1937E4262A6055A4007F8520 /* Sources */ = {
			isa = PBXSourcesBuildPhase;
			buildActionMask = 2147483647;
			files = (
				1937E4312A6055A4007F8520 /* ViewController.swift in Sources */,
				1937E42D2A6055A4007F8520 /* AppDelegate.swift in Sources */,
				1937E42F2A6055A4007F8520 /* SceneDelegate.swift in Sources */,
			);
			runOnlyForDeploymentPostprocessing = 0;
		};
/* End PBXSourcesBuildPhase section */

/* Begin PBXTargetDependency section */
		1937E4172A605542007F8520 /* PBXTargetDependency */ = {
			isa = PBXTargetDependency;
			target = 1937E4092A605541007F8520 /* DesignButton */;
			targetProxy = 1937E4162A605542007F8520 /* PBXContainerItemProxy */;
		};
/* End PBXTargetDependency section */

/* Begin PBXVariantGroup section */
		1937E4322A6055A4007F8520 /* Main.storyboard */ = {
			isa = PBXVariantGroup;
			children = (
				1937E4332A6055A4007F8520 /* Base */,
			);
			name = Main.storyboard;
			sourceTree = "<group>";
		};
		1937E4372A6055A5007F8520 /* LaunchScreen.storyboard */ = {
			isa = PBXVariantGroup;
			children = (
				1937E4382A6055A5007F8520 /* Base */,
			);
			name = LaunchScreen.storyboard;
			sourceTree = "<group>";
		};
/* End PBXVariantGroup section */

/* Begin XCBuildConfiguration section */
		1937E41C2A605542007F8520 /* Debug */ = {
			isa = XCBuildConfiguration;
			buildSettings = {
				ALWAYS_SEARCH_USER_PATHS = NO;
				CLANG_ANALYZER_NONNULL = YES;
				CLANG_ANALYZER_NUMBER_OBJECT_CONVERSION = YES_AGGRESSIVE;
				CLANG_CXX_LANGUAGE_STANDARD = "gnu++20";
				CLANG_ENABLE_MODULES = YES;
				CLANG_ENABLE_OBJC_ARC = YES;
				CLANG_ENABLE_OBJC_WEAK = YES;
				CLANG_WARN_BLOCK_CAPTURE_AUTORELEASING = YES;
				CLANG_WARN_BOOL_CONVERSION = YES;
				CLANG_WARN_COMMA = YES;
				CLANG_WARN_CONSTANT_CONVERSION = YES;
				CLANG_WARN_DEPRECATED_OBJC_IMPLEMENTATIONS = YES;
				CLANG_WARN_DIRECT_OBJC_ISA_USAGE = YES_ERROR;
				CLANG_WARN_DOCUMENTATION_COMMENTS = YES;
				CLANG_WARN_EMPTY_BODY = YES;
				CLANG_WARN_ENUM_CONVERSION = YES;
				CLANG_WARN_INFINITE_RECURSION = YES;
				CLANG_WARN_INT_CONVERSION = YES;
				CLANG_WARN_NON_LITERAL_NULL_CONVERSION = YES;
				CLANG_WARN_OBJC_IMPLICIT_RETAIN_SELF = YES;
				CLANG_WARN_OBJC_LITERAL_CONVERSION = YES;
				CLANG_WARN_OBJC_ROOT_CLASS = YES_ERROR;
				CLANG_WARN_QUOTED_INCLUDE_IN_FRAMEWORK_HEADER = YES;
				CLANG_WARN_RANGE_LOOP_ANALYSIS = YES;
				CLANG_WARN_STRICT_PROTOTYPES = YES;
				CLANG_WARN_SUSPICIOUS_MOVE = YES;
				CLANG_WARN_UNGUARDED_AVAILABILITY = YES_AGGRESSIVE;
				CLANG_WARN_UNREACHABLE_CODE = YES;
				CLANG_WARN__DUPLICATE_METHOD_MATCH = YES;
				COPY_PHASE_STRIP = NO;
				CURRENT_PROJECT_VERSION = 1;
				DEBUG_INFORMATION_FORMAT = dwarf;
				ENABLE_STRICT_OBJC_MSGSEND = YES;
				ENABLE_TESTABILITY = YES;
				GCC_C_LANGUAGE_STANDARD = gnu11;
				GCC_DYNAMIC_NO_PIC = NO;
				GCC_NO_COMMON_BLOCKS = YES;
				GCC_OPTIMIZATION_LEVEL = 0;
				GCC_PREPROCESSOR_DEFINITIONS = (
					"DEBUG=1",
					"$(inherited)",
				);
				GCC_WARN_64_TO_32_BIT_CONVERSION = YES;
				GCC_WARN_ABOUT_RETURN_TYPE = YES_ERROR;
				GCC_WARN_UNDECLARED_SELECTOR = YES;
				GCC_WARN_UNINITIALIZED_AUTOS = YES_AGGRESSIVE;
				GCC_WARN_UNUSED_FUNCTION = YES;
				GCC_WARN_UNUSED_VARIABLE = YES;
				IPHONEOS_DEPLOYMENT_TARGET = 16.4;
				MTL_ENABLE_DEBUG_INFO = INCLUDE_SOURCE;
				MTL_FAST_MATH = YES;
				ONLY_ACTIVE_ARCH = YES;
				SDKROOT = iphoneos;
				SWIFT_ACTIVE_COMPILATION_CONDITIONS = DEBUG;
				SWIFT_OPTIMIZATION_LEVEL = "-Onone";
				VERSIONING_SYSTEM = "apple-generic";
				VERSION_INFO_PREFIX = "";
			};
			name = Debug;
		};
		1937E41D2A605542007F8520 /* Release */ = {
			isa = XCBuildConfiguration;
			buildSettings = {
				ALWAYS_SEARCH_USER_PATHS = NO;
				CLANG_ANALYZER_NONNULL = YES;
				CLANG_ANALYZER_NUMBER_OBJECT_CONVERSION = YES_AGGRESSIVE;
				CLANG_CXX_LANGUAGE_STANDARD = "gnu++20";
				CLANG_ENABLE_MODULES = YES;
				CLANG_ENABLE_OBJC_ARC = YES;
				CLANG_ENABLE_OBJC_WEAK = YES;
				CLANG_WARN_BLOCK_CAPTURE_AUTORELEASING = YES;
				CLANG_WARN_BOOL_CONVERSION = YES;
				CLANG_WARN_COMMA = YES;
				CLANG_WARN_CONSTANT_CONVERSION = YES;
				CLANG_WARN_DEPRECATED_OBJC_IMPLEMENTATIONS = YES;
				CLANG_WARN_DIRECT_OBJC_ISA_USAGE = YES_ERROR;
				CLANG_WARN_DOCUMENTATION_COMMENTS = YES;
				CLANG_WARN_EMPTY_BODY = YES;
				CLANG_WARN_ENUM_CONVERSION = YES;
				CLANG_WARN_INFINITE_RECURSION = YES;
				CLANG_WARN_INT_CONVERSION = YES;
				CLANG_WARN_NON_LITERAL_NULL_CONVERSION = YES;
				CLANG_WARN_OBJC_IMPLICIT_RETAIN_SELF = YES;
				CLANG_WARN_OBJC_LITERAL_CONVERSION = YES;
				CLANG_WARN_OBJC_ROOT_CLASS = YES_ERROR;
				CLANG_WARN_QUOTED_INCLUDE_IN_FRAMEWORK_HEADER = YES;
				CLANG_WARN_RANGE_LOOP_ANALYSIS = YES;
				CLANG_WARN_STRICT_PROTOTYPES = YES;
				CLANG_WARN_SUSPICIOUS_MOVE = YES;
				CLANG_WARN_UNGUARDED_AVAILABILITY = YES_AGGRESSIVE;
				CLANG_WARN_UNREACHABLE_CODE = YES;
				CLANG_WARN__DUPLICATE_METHOD_MATCH = YES;
				COPY_PHASE_STRIP = NO;
				CURRENT_PROJECT_VERSION = 1;
				DEBUG_INFORMATION_FORMAT = "dwarf-with-dsym";
				ENABLE_NS_ASSERTIONS = NO;
				ENABLE_STRICT_OBJC_MSGSEND = YES;
				GCC_C_LANGUAGE_STANDARD = gnu11;
				GCC_NO_COMMON_BLOCKS = YES;
				GCC_WARN_64_TO_32_BIT_CONVERSION = YES;
				GCC_WARN_ABOUT_RETURN_TYPE = YES_ERROR;
				GCC_WARN_UNDECLARED_SELECTOR = YES;
				GCC_WARN_UNINITIALIZED_AUTOS = YES_AGGRESSIVE;
				GCC_WARN_UNUSED_FUNCTION = YES;
				GCC_WARN_UNUSED_VARIABLE = YES;
				IPHONEOS_DEPLOYMENT_TARGET = 16.4;
				MTL_ENABLE_DEBUG_INFO = NO;
				MTL_FAST_MATH = YES;
				SDKROOT = iphoneos;
				SWIFT_COMPILATION_MODE = wholemodule;
				SWIFT_OPTIMIZATION_LEVEL = "-O";
				VALIDATE_PRODUCT = YES;
				VERSIONING_SYSTEM = "apple-generic";
				VERSION_INFO_PREFIX = "";
			};
			name = Release;
		};
		1937E41F2A605542007F8520 /* Debug */ = {
			isa = XCBuildConfiguration;
			buildSettings = {
				CODE_SIGN_STYLE = Automatic;
				CURRENT_PROJECT_VERSION = 1;
				DEFINES_MODULE = YES;
				DEVELOPMENT_TEAM = A2LLH93JJN;
				DYLIB_COMPATIBILITY_VERSION = 1;
				DYLIB_CURRENT_VERSION = 1;
				DYLIB_INSTALL_NAME_BASE = "@rpath";
				ENABLE_MODULE_VERIFIER = YES;
				GENERATE_INFOPLIST_FILE = YES;
				INFOPLIST_KEY_NSHumanReadableCopyright = "";
				INSTALL_PATH = "$(LOCAL_LIBRARY_DIR)/Frameworks";
				LD_RUNPATH_SEARCH_PATHS = (
					"$(inherited)",
					"@executable_path/Frameworks",
					"@loader_path/Frameworks",
				);
				MARKETING_VERSION = 1.0;
				MODULE_VERIFIER_SUPPORTED_LANGUAGES = "objective-c objective-c++";
				MODULE_VERIFIER_SUPPORTED_LANGUAGE_STANDARDS = "gnu11 gnu++20";
				PRODUCT_BUNDLE_IDENTIFIER = com.vijay.DesignButton;
				PRODUCT_NAME = "$(TARGET_NAME:c99extidentifier)";
				SKIP_INSTALL = YES;
				SWIFT_EMIT_LOC_STRINGS = YES;
				SWIFT_VERSION = 5.0;
				TARGETED_DEVICE_FAMILY = "1,2";
			};
			name = Debug;
		};
		1937E4202A605542007F8520 /* Release */ = {
			isa = XCBuildConfiguration;
			buildSettings = {
				CODE_SIGN_STYLE = Automatic;
				CURRENT_PROJECT_VERSION = 1;
				DEFINES_MODULE = YES;
				DEVELOPMENT_TEAM = A2LLH93JJN;
				DYLIB_COMPATIBILITY_VERSION = 1;
				DYLIB_CURRENT_VERSION = 1;
				DYLIB_INSTALL_NAME_BASE = "@rpath";
				ENABLE_MODULE_VERIFIER = YES;
				GENERATE_INFOPLIST_FILE = YES;
				INFOPLIST_KEY_NSHumanReadableCopyright = "";
				INSTALL_PATH = "$(LOCAL_LIBRARY_DIR)/Frameworks";
				LD_RUNPATH_SEARCH_PATHS = (
					"$(inherited)",
					"@executable_path/Frameworks",
					"@loader_path/Frameworks",
				);
				MARKETING_VERSION = 1.0;
				MODULE_VERIFIER_SUPPORTED_LANGUAGES = "objective-c objective-c++";
				MODULE_VERIFIER_SUPPORTED_LANGUAGE_STANDARDS = "gnu11 gnu++20";
				PRODUCT_BUNDLE_IDENTIFIER = com.vijay.DesignButton;
				PRODUCT_NAME = "$(TARGET_NAME:c99extidentifier)";
				SKIP_INSTALL = YES;
				SWIFT_EMIT_LOC_STRINGS = YES;
				SWIFT_VERSION = 5.0;
				TARGETED_DEVICE_FAMILY = "1,2";
			};
			name = Release;
		};
		1937E4222A605542007F8520 /* Debug */ = {
			isa = XCBuildConfiguration;
			buildSettings = {
				ALWAYS_EMBED_SWIFT_STANDARD_LIBRARIES = YES;
				CODE_SIGN_STYLE = Automatic;
				CURRENT_PROJECT_VERSION = 1;
				DEVELOPMENT_TEAM = A2LLH93JJN;
				GENERATE_INFOPLIST_FILE = YES;
				MARKETING_VERSION = 1.0;
				PRODUCT_BUNDLE_IDENTIFIER = com.vijay.DesignButtonTests;
				PRODUCT_NAME = "$(TARGET_NAME)";
				SWIFT_EMIT_LOC_STRINGS = NO;
				SWIFT_VERSION = 5.0;
				TARGETED_DEVICE_FAMILY = "1,2";
			};
			name = Debug;
		};
		1937E4232A605542007F8520 /* Release */ = {
			isa = XCBuildConfiguration;
			buildSettings = {
				ALWAYS_EMBED_SWIFT_STANDARD_LIBRARIES = YES;
				CODE_SIGN_STYLE = Automatic;
				CURRENT_PROJECT_VERSION = 1;
				DEVELOPMENT_TEAM = A2LLH93JJN;
				GENERATE_INFOPLIST_FILE = YES;
				MARKETING_VERSION = 1.0;
				PRODUCT_BUNDLE_IDENTIFIER = com.vijay.DesignButtonTests;
				PRODUCT_NAME = "$(TARGET_NAME)";
				SWIFT_EMIT_LOC_STRINGS = NO;
				SWIFT_VERSION = 5.0;
				TARGETED_DEVICE_FAMILY = "1,2";
			};
			name = Release;
		};
		1937E43C2A6055A5007F8520 /* Debug */ = {
			isa = XCBuildConfiguration;
			buildSettings = {
				ASSETCATALOG_COMPILER_APPICON_NAME = AppIcon;
				ASSETCATALOG_COMPILER_GLOBAL_ACCENT_COLOR_NAME = AccentColor;
				CODE_SIGN_STYLE = Automatic;
				CURRENT_PROJECT_VERSION = 1;
				DEVELOPMENT_TEAM = A2LLH93JJN;
				GENERATE_INFOPLIST_FILE = YES;
				INFOPLIST_FILE = DesignButtonExamples/Info.plist;
				INFOPLIST_KEY_UIApplicationSupportsIndirectInputEvents = YES;
				INFOPLIST_KEY_UILaunchStoryboardName = LaunchScreen;
				INFOPLIST_KEY_UIMainStoryboardFile = Main;
				INFOPLIST_KEY_UISupportedInterfaceOrientations_iPad = "UIInterfaceOrientationPortrait UIInterfaceOrientationPortraitUpsideDown UIInterfaceOrientationLandscapeLeft UIInterfaceOrientationLandscapeRight";
				INFOPLIST_KEY_UISupportedInterfaceOrientations_iPhone = "UIInterfaceOrientationPortrait UIInterfaceOrientationLandscapeLeft UIInterfaceOrientationLandscapeRight";
				LD_RUNPATH_SEARCH_PATHS = (
					"$(inherited)",
					"@executable_path/Frameworks",
				);
				MARKETING_VERSION = 1.0;
				PRODUCT_BUNDLE_IDENTIFIER = com.vijay.DesignButtonExamples;
				PRODUCT_NAME = "$(TARGET_NAME)";
				SWIFT_EMIT_LOC_STRINGS = YES;
				SWIFT_VERSION = 5.0;
				TARGETED_DEVICE_FAMILY = "1,2";
			};
			name = Debug;
		};
		1937E43D2A6055A5007F8520 /* Release */ = {
			isa = XCBuildConfiguration;
			buildSettings = {
				ASSETCATALOG_COMPILER_APPICON_NAME = AppIcon;
				ASSETCATALOG_COMPILER_GLOBAL_ACCENT_COLOR_NAME = AccentColor;
				CODE_SIGN_STYLE = Automatic;
				CURRENT_PROJECT_VERSION = 1;
				DEVELOPMENT_TEAM = A2LLH93JJN;
				GENERATE_INFOPLIST_FILE = YES;
				INFOPLIST_FILE = DesignButtonExamples/Info.plist;
				INFOPLIST_KEY_UIApplicationSupportsIndirectInputEvents = YES;
				INFOPLIST_KEY_UILaunchStoryboardName = LaunchScreen;
				INFOPLIST_KEY_UIMainStoryboardFile = Main;
				INFOPLIST_KEY_UISupportedInterfaceOrientations_iPad = "UIInterfaceOrientationPortrait UIInterfaceOrientationPortraitUpsideDown UIInterfaceOrientationLandscapeLeft UIInterfaceOrientationLandscapeRight";
				INFOPLIST_KEY_UISupportedInterfaceOrientations_iPhone = "UIInterfaceOrientationPortrait UIInterfaceOrientationLandscapeLeft UIInterfaceOrientationLandscapeRight";
				LD_RUNPATH_SEARCH_PATHS = (
					"$(inherited)",
					"@executable_path/Frameworks",
				);
				MARKETING_VERSION = 1.0;
				PRODUCT_BUNDLE_IDENTIFIER = com.vijay.DesignButtonExamples;
				PRODUCT_NAME = "$(TARGET_NAME)";
				SWIFT_EMIT_LOC_STRINGS = YES;
				SWIFT_VERSION = 5.0;
				TARGETED_DEVICE_FAMILY = "1,2";
			};
			name = Release;
		};
/* End XCBuildConfiguration section */

/* Begin XCConfigurationList section */
		1937E4042A605541007F8520 /* Build configuration list for PBXProject "DesignButton" */ = {
			isa = XCConfigurationList;
			buildConfigurations = (
				1937E41C2A605542007F8520 /* Debug */,
				1937E41D2A605542007F8520 /* Release */,
			);
			defaultConfigurationIsVisible = 0;
			defaultConfigurationName = Release;
		};
		1937E41E2A605542007F8520 /* Build configuration list for PBXNativeTarget "DesignButton" */ = {
			isa = XCConfigurationList;
			buildConfigurations = (
				1937E41F2A605542007F8520 /* Debug */,
				1937E4202A605542007F8520 /* Release */,
			);
			defaultConfigurationIsVisible = 0;
			defaultConfigurationName = Release;
		};
		1937E4212A605542007F8520 /* Build configuration list for PBXNativeTarget "DesignButtonTests" */ = {
			isa = XCConfigurationList;
			buildConfigurations = (
				1937E4222A605542007F8520 /* Debug */,
				1937E4232A605542007F8520 /* Release */,
			);
			defaultConfigurationIsVisible = 0;
			defaultConfigurationName = Release;
		};
		1937E43B2A6055A5007F8520 /* Build configuration list for PBXNativeTarget "DesignButtonExamples" */ = {
			isa = XCConfigurationList;
			buildConfigurations = (
				1937E43C2A6055A5007F8520 /* Debug */,
				1937E43D2A6055A5007F8520 /* Release */,
			);
			defaultConfigurationIsVisible = 0;
			defaultConfigurationName = Release;
		};
/* End XCConfigurationList section */
	};
	rootObject = 1937E4012A605541007F8520 /* Project object */;
}
